// !$*UTF8*$!
{
	archiveVersion = 1;
	classes = {
	};
	objectVersion = 46;
	objects = {

/* Begin PBXBuildFile section */
		7056C7A81D4E22B2000BFAE4 /* IsTreeABinarySearchTreeTests.swift in Sources */ = {isa = PBXBuildFile; fileRef = 7056C7A71D4E22B1000BFAE4 /* IsTreeABinarySearchTreeTests.swift */; };
		7056C7AE1D4E2488000BFAE4 /* IsTreeABinarySearchTree.swift in Sources */ = {isa = PBXBuildFile; fileRef = 7056C7AD1D4E2488000BFAE4 /* IsTreeABinarySearchTree.swift */; };
		7056C7B01D4E2589000BFAE4 /* Node.swift in Sources */ = {isa = PBXBuildFile; fileRef = 7056C7AF1D4E2589000BFAE4 /* Node.swift */; };
/* End PBXBuildFile section */

/* Begin PBXCopyFilesBuildPhase section */
		7056C7B31D4E5CD0000BFAE4 /* CopyFiles */ = {
			isa = PBXCopyFilesBuildPhase;
			buildActionMask = 2147483647;
			dstPath = /usr/share/man/man1/;
			dstSubfolderSpec = 0;
			files = (
			);
			runOnlyForDeploymentPostprocessing = 1;
		};
/* End PBXCopyFilesBuildPhase section */

/* Begin PBXFileReference section */
		7056C7A41D4E22B1000BFAE4 /* IsTreeABinarySearchTreeTests.xctest */ = {isa = PBXFileReference; explicitFileType = wrapper.cfbundle; includeInIndex = 0; path = IsTreeABinarySearchTreeTests.xctest; sourceTree = BUILT_PRODUCTS_DIR; };
		7056C7A71D4E22B1000BFAE4 /* IsTreeABinarySearchTreeTests.swift */ = {isa = PBXFileReference; lastKnownFileType = sourcecode.swift; path = IsTreeABinarySearchTreeTests.swift; sourceTree = "<group>"; };
		7056C7A91D4E22B2000BFAE4 /* Info.plist */ = {isa = PBXFileReference; lastKnownFileType = text.plist.xml; path = Info.plist; sourceTree = "<group>"; };
		7056C7AD1D4E2488000BFAE4 /* IsTreeABinarySearchTree.swift */ = {isa = PBXFileReference; fileEncoding = 4; lastKnownFileType = sourcecode.swift; path = IsTreeABinarySearchTree.swift; sourceTree = SOURCE_ROOT; };
		7056C7AF1D4E2589000BFAE4 /* Node.swift */ = {isa = PBXFileReference; fileEncoding = 4; lastKnownFileType = sourcecode.swift; name = Node.swift; path = ../Node.swift; sourceTree = "<group>"; };
		7056C7B51D4E5CD0000BFAE4 /* IsTreeABinarySearchTree */ = {isa = PBXFileReference; explicitFileType = "compiled.mach-o.executable"; includeInIndex = 0; path = IsTreeABinarySearchTree; sourceTree = BUILT_PRODUCTS_DIR; };
/* End PBXFileReference section */

/* Begin PBXFrameworksBuildPhase section */
		7056C7A11D4E22B1000BFAE4 /* Frameworks */ = {
			isa = PBXFrameworksBuildPhase;
			buildActionMask = 2147483647;
			files = (
			);
			runOnlyForDeploymentPostprocessing = 0;
		};
		7056C7B21D4E5CD0000BFAE4 /* Frameworks */ = {
			isa = PBXFrameworksBuildPhase;
			buildActionMask = 2147483647;
			files = (
			);
			runOnlyForDeploymentPostprocessing = 0;
		};
/* End PBXFrameworksBuildPhase section */

/* Begin PBXGroup section */
		7056C7991D4E229D000BFAE4 = {
			isa = PBXGroup;
			children = (
				7056C7A61D4E22B1000BFAE4 /* IsTreeABinarySearchTreeTests */,
				7056C7B61D4E5CD0000BFAE4 /* IsTreeABinarySearchTree */,
				7056C7A51D4E22B1000BFAE4 /* Products */,
			);
			sourceTree = "<group>";
		};
		7056C7A51D4E22B1000BFAE4 /* Products */ = {
			isa = PBXGroup;
			children = (
				7056C7A41D4E22B1000BFAE4 /* IsTreeABinarySearchTreeTests.xctest */,
				7056C7B51D4E5CD0000BFAE4 /* IsTreeABinarySearchTree */,
			);
			name = Products;
			sourceTree = "<group>";
		};
		7056C7A61D4E22B1000BFAE4 /* IsTreeABinarySearchTreeTests */ = {
			isa = PBXGroup;
			children = (
				7056C7A71D4E22B1000BFAE4 /* IsTreeABinarySearchTreeTests.swift */,
				7056C7A91D4E22B2000BFAE4 /* Info.plist */,
			);
			path = IsTreeABinarySearchTreeTests;
			sourceTree = "<group>";
		};
		7056C7B61D4E5CD0000BFAE4 /* IsTreeABinarySearchTree */ = {
			isa = PBXGroup;
			children = (
				7056C7AD1D4E2488000BFAE4 /* IsTreeABinarySearchTree.swift */,
				7056C7AF1D4E2589000BFAE4 /* Node.swift */,
			);
			path = IsTreeABinarySearchTree;
			sourceTree = "<group>";
		};
/* End PBXGroup section */

/* Begin PBXNativeTarget section */
		7056C7A31D4E22B1000BFAE4 /* IsTreeABinarySearchTreeTests */ = {
			isa = PBXNativeTarget;
			buildConfigurationList = 7056C7AA1D4E22B2000BFAE4 /* Build configuration list for PBXNativeTarget "IsTreeABinarySearchTreeTests" */;
			buildPhases = (
				7056C7A01D4E22B1000BFAE4 /* Sources */,
				7056C7A11D4E22B1000BFAE4 /* Frameworks */,
				7056C7A21D4E22B1000BFAE4 /* Resources */,
			);
			buildRules = (
			);
			dependencies = (
			);
			name = IsTreeABinarySearchTreeTests;
			productName = IsTreeABinarySearchTreeTests;
			productReference = 7056C7A41D4E22B1000BFAE4 /* IsTreeABinarySearchTreeTests.xctest */;
			productType = "com.apple.product-type.bundle.unit-test";
		};
		7056C7B41D4E5CD0000BFAE4 /* IsTreeABinarySearchTree */ = {
			isa = PBXNativeTarget;
			buildConfigurationList = 7056C7B91D4E5CD0000BFAE4 /* Build configuration list for PBXNativeTarget "IsTreeABinarySearchTree" */;
			buildPhases = (
				7056C7B11D4E5CD0000BFAE4 /* Sources */,
				7056C7B21D4E5CD0000BFAE4 /* Frameworks */,
				7056C7B31D4E5CD0000BFAE4 /* CopyFiles */,
			);
			buildRules = (
			);
			dependencies = (
			);
			name = IsTreeABinarySearchTree;
			productName = IsTreeABinarySearchTree;
			productReference = 7056C7B51D4E5CD0000BFAE4 /* IsTreeABinarySearchTree */;
			productType = "com.apple.product-type.tool";
		};
/* End PBXNativeTarget section */

/* Begin PBXProject section */
		7056C79A1D4E229D000BFAE4 /* Project object */ = {
			isa = PBXProject;
			attributes = {
				LastSwiftUpdateCheck = 0730;
				LastUpgradeCheck = 0730;
				TargetAttributes = {
					7056C7A31D4E22B1000BFAE4 = {
						CreatedOnToolsVersion = 7.3;
					};
					7056C7B41D4E5CD0000BFAE4 = {
						CreatedOnToolsVersion = 7.3;
					};
				};
			};
			buildConfigurationList = 7056C79D1D4E229D000BFAE4 /* Build configuration list for PBXProject "IsTreeABinarySearchTree" */;
			compatibilityVersion = "Xcode 3.2";
			developmentRegion = English;
			hasScannedForEncodings = 0;
			knownRegions = (
				en,
			);
			mainGroup = 7056C7991D4E229D000BFAE4;
			productRefGroup = 7056C7A51D4E22B1000BFAE4 /* Products */;
			projectDirPath = "";
			projectRoot = "";
			targets = (
				7056C7A31D4E22B1000BFAE4 /* IsTreeABinarySearchTreeTests */,
				7056C7B41D4E5CD0000BFAE4 /* IsTreeABinarySearchTree */,
			);
		};
/* End PBXProject section */

/* Begin PBXResourcesBuildPhase section */
		7056C7A21D4E22B1000BFAE4 /* Resources */ = {
			isa = PBXResourcesBuildPhase;
			buildActionMask = 2147483647;
			files = (
			);
			runOnlyForDeploymentPostprocessing = 0;
		};
/* End PBXResourcesBuildPhase section */

/* Begin PBXSourcesBuildPhase section */
		7056C7A01D4E22B1000BFAE4 /* Sources */ = {
			isa = PBXSourcesBuildPhase;
			buildActionMask = 2147483647;
			files = (
				7056C7B01D4E2589000BFAE4 /* Node.swift in Sources */,
				7056C7AE1D4E2488000BFAE4 /* IsTreeABinarySearchTree.swift in Sources */,
				7056C7A81D4E22B2000BFAE4 /* IsTreeABinarySearchTreeTests.swift in Sources */,
			);
			runOnlyForDeploymentPostprocessing = 0;
		};
		7056C7B11D4E5CD0000BFAE4 /* Sources */ = {
			isa = PBXSourcesBuildPhase;
			buildActionMask = 2147483647;
			files = (
			);
			runOnlyForDeploymentPostprocessing = 0;
		};
/* End PBXSourcesBuildPhase section */

/* Begin XCBuildConfiguration section */
		7056C79E1D4E229D000BFAE4 /* Debug */ = {
			isa = XCBuildConfiguration;
			buildSettings = {
			};
			name = Debug;
		};
		7056C79F1D4E229D000BFAE4 /* Release */ = {
			isa = XCBuildConfiguration;
			buildSettings = {
			};
			name = Release;
		};
		7056C7AB1D4E22B2000BFAE4 /* Debug */ = {
			isa = XCBuildConfiguration;
			buildSettings = {
				ALWAYS_SEARCH_USER_PATHS = NO;
				CLANG_ANALYZER_NONNULL = YES;
				CLANG_CXX_LANGUAGE_STANDARD = "gnu++0x";
				CLANG_CXX_LIBRARY = "libc++";
				CLANG_ENABLE_MODULES = YES;
				CLANG_ENABLE_OBJC_ARC = YES;
				CLANG_WARN_BOOL_CONVERSION = YES;
				CLANG_WARN_CONSTANT_CONVERSION = YES;
				CLANG_WARN_DIRECT_OBJC_ISA_USAGE = YES_ERROR;
				CLANG_WARN_EMPTY_BODY = YES;
				CLANG_WARN_ENUM_CONVERSION = YES;
				CLANG_WARN_INT_CONVERSION = YES;
				CLANG_WARN_OBJC_ROOT_CLASS = YES_ERROR;
				CLANG_WARN_UNREACHABLE_CODE = YES;
				CLANG_WARN__DUPLICATE_METHOD_MATCH = YES;
				CODE_SIGN_IDENTITY = "-";
				COMBINE_HIDPI_IMAGES = YES;
				COPY_PHASE_STRIP = NO;
				DEBUG_INFORMATION_FORMAT = dwarf;
				ENABLE_STRICT_OBJC_MSGSEND = YES;
				ENABLE_TESTABILITY = YES;
				GCC_C_LANGUAGE_STANDARD = gnu99;
				GCC_DYNAMIC_NO_PIC = NO;
				GCC_NO_COMMON_BLOCKS = YES;
				GCC_OPTIMIZATION_LEVEL = 0;
				GCC_PREPROCESSOR_DEFINITIONS = (
					"DEBUG=1",
					"$(inherited)",
				);
				GCC_WARN_64_TO_32_BIT_CONVERSION = YES;
				GCC_WARN_ABOUT_RETURN_TYPE = YES_ERROR;
				GCC_WARN_UNDECLARED_SELECTOR = YES;
				GCC_WARN_UNINITIALIZED_AUTOS = YES_AGGRESSIVE;
				GCC_WARN_UNUSED_FUNCTION = YES;
				GCC_WARN_UNUSED_VARIABLE = YES;
				INFOPLIST_FILE = IsTreeABinarySearchTreeTests/Info.plist;
				LD_RUNPATH_SEARCH_PATHS = "$(inherited) @executable_path/../Frameworks @loader_path/../Frameworks";
				MACOSX_DEPLOYMENT_TARGET = 10.11;
				MTL_ENABLE_DEBUG_INFO = YES;
				ONLY_ACTIVE_ARCH = YES;
				PRODUCT_BUNDLE_IDENTIFIER = "Ashley-Barrett.IsTreeABinarySearchTreeTests";
				PRODUCT_NAME = "$(TARGET_NAME)";
				SDKROOT = macosx;
				SWIFT_OPTIMIZATION_LEVEL = "-Onone";
			};
			name = Debug;
		};
		7056C7AC1D4E22B2000BFAE4 /* Release */ = {
			isa = XCBuildConfiguration;
			buildSettings = {
				ALWAYS_SEARCH_USER_PATHS = NO;
				CLANG_ANALYZER_NONNULL = YES;
				CLANG_CXX_LANGUAGE_STANDARD = "gnu++0x";
				CLANG_CXX_LIBRARY = "libc++";
				CLANG_ENABLE_MODULES = YES;
				CLANG_ENABLE_OBJC_ARC = YES;
				CLANG_WARN_BOOL_CONVERSION = YES;
				CLANG_WARN_CONSTANT_CONVERSION = YES;
				CLANG_WARN_DIRECT_OBJC_ISA_USAGE = YES_ERROR;
				CLANG_WARN_EMPTY_BODY = YES;
				CLANG_WARN_ENUM_CONVERSION = YES;
				CLANG_WARN_INT_CONVERSION = YES;
				CLANG_WARN_OBJC_ROOT_CLASS = YES_ERROR;
				CLANG_WARN_UNREACHABLE_CODE = YES;
				CLANG_WARN__DUPLICATE_METHOD_MATCH = YES;
				CODE_SIGN_IDENTITY = "-";
				COMBINE_HIDPI_IMAGES = YES;
				COPY_PHASE_STRIP = NO;
				DEBUG_INFORMATION_FORMAT = "dwarf-with-dsym";
				ENABLE_NS_ASSERTIONS = NO;
				ENABLE_STRICT_OBJC_MSGSEND = YES;
				GCC_C_LANGUAGE_STANDARD = gnu99;
				GCC_NO_COMMON_BLOCKS = YES;
				GCC_WARN_64_TO_32_BIT_CONVERSION = YES;
				GCC_WARN_ABOUT_RETURN_TYPE = YES_ERROR;
				GCC_WARN_UNDECLARED_SELECTOR = YES;
				GCC_WARN_UNINITIALIZED_AUTOS = YES_AGGRESSIVE;
				GCC_WARN_UNUSED_FUNCTION = YES;
				GCC_WARN_UNUSED_VARIABLE = YES;
				INFOPLIST_FILE = IsTreeABinarySearchTreeTests/Info.plist;
				LD_RUNPATH_SEARCH_PATHS = "$(inherited) @executable_path/../Frameworks @loader_path/../Frameworks";
				MACOSX_DEPLOYMENT_TARGET = 10.11;
				MTL_ENABLE_DEBUG_INFO = NO;
				PRODUCT_BUNDLE_IDENTIFIER = "Ashley-Barrett.IsTreeABinarySearchTreeTests";
				PRODUCT_NAME = "$(TARGET_NAME)";
				SDKROOT = macosx;
			};
			name = Release;
		};
		7056C7BA1D4E5CD0000BFAE4 /* Debug */ = {
			isa = XCBuildConfiguration;
			buildSettings = {
				ALWAYS_SEARCH_USER_PATHS = NO;
				CLANG_ANALYZER_NONNULL = YES;
				CLANG_CXX_LANGUAGE_STANDARD = "gnu++0x";
				CLANG_CXX_LIBRARY = "libc++";
				CLANG_ENABLE_MODULES = YES;
				CLANG_ENABLE_OBJC_ARC = YES;
				CLANG_WARN_BOOL_CONVERSION = YES;
				CLANG_WARN_CONSTANT_CONVERSION = YES;
				CLANG_WARN_DIRECT_OBJC_ISA_USAGE = YES_ERROR;
				CLANG_WARN_EMPTY_BODY = YES;
				CLANG_WARN_ENUM_CONVERSION = YES;
				CLANG_WARN_INT_CONVERSION = YES;
				CLANG_WARN_OBJC_ROOT_CLASS = YES_ERROR;
				CLANG_WARN_UNREACHABLE_CODE = YES;
				CLANG_WARN__DUPLICATE_METHOD_MATCH = YES;
				CODE_SIGN_IDENTITY = "-";
				COPY_PHASE_STRIP = NO;
				DEBUG_INFORMATION_FORMAT = dwarf;
				ENABLE_STRICT_OBJC_MSGSEND = YES;
				ENABLE_TESTABILITY = YES;
				GCC_C_LANGUAGE_STANDARD = gnu99;
				GCC_DYNAMIC_NO_PIC = NO;
				GCC_NO_COMMON_BLOCKS = YES;
				GCC_OPTIMIZATION_LEVEL = 0;
				GCC_PREPROCESSOR_DEFINITIONS = (
					"DEBUG=1",
					"$(inherited)",
				);
				GCC_WARN_64_TO_32_BIT_CONVERSION = YES;
				GCC_WARN_ABOUT_RETURN_TYPE = YES_ERROR;
				GCC_WARN_UNDECLARED_SELECTOR = YES;
				GCC_WARN_UNINITIALIZED_AUTOS = YES_AGGRESSIVE;
				GCC_WARN_UNUSED_FUNCTION = YES;
				GCC_WARN_UNUSED_VARIABLE = YES;
				MACOSX_DEPLOYMENT_TARGET = 10.11;
				MTL_ENABLE_DEBUG_INFO = YES;
				ONLY_ACTIVE_ARCH = YES;
				PRODUCT_NAME = "$(TARGET_NAME)";
				SDKROOT = macosx;
				SWIFT_OPTIMIZATION_LEVEL = "-Onone";
			};
			name = Debug;
		};
		7056C7BB1D4E5CD0000BFAE4 /* Release */ = {
			isa = XCBuildConfiguration;
			buildSettings = {
				ALWAYS_SEARCH_USER_PATHS = NO;
				CLANG_ANALYZER_NONNULL = YES;
				CLANG_CXX_LANGUAGE_STANDARD = "gnu++0x";
				CLANG_CXX_LIBRARY = "libc++";
				CLANG_ENABLE_MODULES = YES;
				CLANG_ENABLE_OBJC_ARC = YES;
				CLANG_WARN_BOOL_CONVERSION = YES;
				CLANG_WARN_CONSTANT_CONVERSION = YES;
				CLANG_WARN_DIRECT_OBJC_ISA_USAGE = YES_ERROR;
				CLANG_WARN_EMPTY_BODY = YES;
				CLANG_WARN_ENUM_CONVERSION = YES;
				CLANG_WARN_INT_CONVERSION = YES;
				CLANG_WARN_OBJC_ROOT_CLASS = YES_ERROR;
				CLANG_WARN_UNREACHABLE_CODE = YES;
				CLANG_WARN__DUPLICATE_METHOD_MATCH = YES;
				CODE_SIGN_IDENTITY = "-";
				COPY_PHASE_STRIP = NO;
				DEBUG_INFORMATION_FORMAT = "dwarf-with-dsym";
				ENABLE_NS_ASSERTIONS = NO;
				ENABLE_STRICT_OBJC_MSGSEND = YES;
				GCC_C_LANGUAGE_STANDARD = gnu99;
				GCC_NO_COMMON_BLOCKS = YES;
				GCC_WARN_64_TO_32_BIT_CONVERSION = YES;
				GCC_WARN_ABOUT_RETURN_TYPE = YES_ERROR;
				GCC_WARN_UNDECLARED_SELECTOR = YES;
				GCC_WARN_UNINITIALIZED_AUTOS = YES_AGGRESSIVE;
				GCC_WARN_UNUSED_FUNCTION = YES;
				GCC_WARN_UNUSED_VARIABLE = YES;
				MACOSX_DEPLOYMENT_TARGET = 10.11;
				MTL_ENABLE_DEBUG_INFO = NO;
				PRODUCT_NAME = "$(TARGET_NAME)";
				SDKROOT = macosx;
			};
			name = Release;
		};
/* End XCBuildConfiguration section */

/* Begin XCConfigurationList section */
		7056C79D1D4E229D000BFAE4 /* Build configuration list for PBXProject "IsTreeABinarySearchTree" */ = {
			isa = XCConfigurationList;
			buildConfigurations = (
				7056C79E1D4E229D000BFAE4 /* Debug */,
				7056C79F1D4E229D000BFAE4 /* Release */,
			);
			defaultConfigurationIsVisible = 0;
			defaultConfigurationName = Release;
		};
		7056C7AA1D4E22B2000BFAE4 /* Build configuration list for PBXNativeTarget "IsTreeABinarySearchTreeTests" */ = {
			isa = XCConfigurationList;
			buildConfigurations = (
				7056C7AB1D4E22B2000BFAE4 /* Debug */,
				7056C7AC1D4E22B2000BFAE4 /* Release */,
			);
			defaultConfigurationIsVisible = 0;
		};
		7056C7B91D4E5CD0000BFAE4 /* Build configuration list for PBXNativeTarget "IsTreeABinarySearchTree" */ = {
			isa = XCConfigurationList;
			buildConfigurations = (
				7056C7BA1D4E5CD0000BFAE4 /* Debug */,
				7056C7BB1D4E5CD0000BFAE4 /* Release */,
			);
			defaultConfigurationIsVisible = 0;
		};
/* End XCConfigurationList section */
	};
	rootObject = 7056C79A1D4E229D000BFAE4 /* Project object */;
}
